
Microsoft Visual Studio Solution File, Format Version 12.00
# Visual Studio Version 17
VisualStudioVersion = 17.4.33213.308
MinimumVisualStudioVersion = 10.0.40219.1
Project("{F184B08F-C81C-45F6-A57F-5ABD9991F28F}") = "Project Manager", "Project Manager\Project Manager.vbproj", "{359222F2-FC10-4BBB-9703-887A7CE60FA8}"
EndProject
Global
	GlobalSection(SolutionConfigurationPlatforms) = preSolution
		Debug|Any CPU = Debug|Any CPU
		Release|Any CPU = Release|Any CPU
	EndGlobalSection
	GlobalSection(ProjectConfigurationPlatforms) = postSolution
		{359222F2-FC10-4BBB-9703-887A7CE60FA8}.Debug|Any CPU.ActiveCfg = Debug|Any CPU
		{359222F2-FC10-4BBB-9703-887A7CE60FA8}.Debug|Any CPU.Build.0 = Debug|Any CPU
		{359222F2-FC10-4BBB-9703-887A7CE60FA8}.Release|Any CPU.ActiveCfg = Release|Any CPU
		{359222F2-FC10-4BBB-9703-887A7CE60FA8}.Release|Any CPU.Build.0 = Release|Any CPU
	EndGlobalSection
	GlobalSection(SolutionProperties) = preSolution
		HideSolutionNode = FALSE
	EndGlobalSection
	GlobalSection(ExtensibilityGlobals) = postSolution
		SolutionGuid = {BFC7CAE4-FF07-486C-BE91-FBF4CE9665E4}
	EndGlobalSection
EndGlobal
