
Microsoft Visual Studio Solution File, Format Version 12.00
# Visual Studio Version 17
VisualStudioVersion = 17.4.33213.308
MinimumVisualStudioVersion = 10.0.40219.1
Project("{778DAE3C-4631-46EA-AA77-85C1314464D9}") = "Project Manager", "Project Manager\Project Manager.vbproj", "{359222F2-FC10-4BBB-9703-887A7CE60FA8}"
EndProject
Project("{54435603-DBB4-11D2-8724-00A0C9A8B90C}") = "Project Manager App", "Project Manager App\Project Manager App.vdproj", "{D13F190B-7B02-439D-AF02-A8AE5D1F7095}"
EndProject
Global
	GlobalSection(SolutionConfigurationPlatforms) = preSolution
		Debug|Any CPU = Debug|Any CPU
		Release|Any CPU = Release|Any CPU
	EndGlobalSection
	GlobalSection(ProjectConfigurationPlatforms) = postSolution
		{359222F2-FC10-4BBB-9703-887A7CE60FA8}.Debug|Any CPU.ActiveCfg = Debug|Any CPU
		{359222F2-FC10-4BBB-9703-887A7CE60FA8}.Debug|Any CPU.Build.0 = Debug|Any CPU
		{359222F2-FC10-4BBB-9703-887A7CE60FA8}.Release|Any CPU.ActiveCfg = Release|Any CPU
		{359222F2-FC10-4BBB-9703-887A7CE60FA8}.Release|Any CPU.Build.0 = Release|Any CPU
		{D13F190B-7B02-439D-AF02-A8AE5D1F7095}.Debug|Any CPU.ActiveCfg = Debug
		{D13F190B-7B02-439D-AF02-A8AE5D1F7095}.Release|Any CPU.ActiveCfg = Release
	EndGlobalSection
	GlobalSection(SolutionProperties) = preSolution
		HideSolutionNode = FALSE
	EndGlobalSection
	GlobalSection(ExtensibilityGlobals) = postSolution
		SolutionGuid = {BFC7CAE4-FF07-486C-BE91-FBF4CE9665E4}
	EndGlobalSection
EndGlobal
